# juris-calculus fully hashed lock v1
# profile: release
# supported: CPython 3.11/3.12; win_amd64; manylinux_2_28_x86_64
# source: exact wheels downloaded from https://pypi.org/simple

# package: boolean-py
# role: transitive
# license: BSD-2-Clause
boolean-py==5.0 \
    --hash=sha256:ef28a70bd43115208441b53a045d1549e2f0ec6e3d08a9d142cbc41c1938e8d9

# package: build
# role: direct
# license: MIT
build==1.5.0 \
    --hash=sha256:13f3eecb844759ab66efec90ca17639bbf14dc06cb2fdf37a9010322d9c50a6f

# package: cachecontrol
# role: transitive
# license: Apache-2.0
cachecontrol==0.14.4 \
    --hash=sha256:b7ac014ff72ee199b5f8af1de29d60239954f223e948196fa3d84adaffc71d2b

# package: certifi
# role: transitive
# license: MPL-2.0
certifi==2026.7.22 \
    --hash=sha256:62f22742b58a1a33014a2b6b706588a8d7e2a88ae7bd1a6ebe8c992928483775

# package: charset-normalizer
# role: transitive
# license: MIT
charset-normalizer==3.5.1 \
    --hash=sha256:3617ac3cfd8b9888f145ad89dd6e692285834b0201c6074a5eeaad3fd4d668c2 \
    --hash=sha256:b9af956078716df40d985fb0dfeb2c2120c5ca92ba4ff4b388acfd01cdc14d08 \
    --hash=sha256:c7b742bf31c88566b4bb6335a7f393bb322e580b6bb98df7bd0c25e6e3519ce8 \
    --hash=sha256:f9b1e28d0e8dbfa858abdba91d6b547beaf2df1a59bec6da6faae7b96a4991a9

# package: colorama
# role: transitive
# license: BSD-3-Clause
colorama==0.4.6 \
    --hash=sha256:4f1d9991f5acc0ca119f9d443620b77f9d6b33703e51011c16baf57afb285fc6

# package: cyclonedx-python-lib
# role: transitive
# license: Apache-2.0
cyclonedx-python-lib==11.12.0 \
    --hash=sha256:0e807521a921a5c3cb8ce1153f8a61d29eedfe76a46aac2796b7c6b573391a54

# package: defusedxml
# role: transitive
# license: PSF-2.0
defusedxml==0.7.1 \
    --hash=sha256:a352e7e428770286cc899e2542b6cdaedb2b4953ff269a210103ec58f6198a61

# package: filelock
# role: transitive
# license: MIT
filelock==3.32.3 \
    --hash=sha256:7f0ca4bcc0e181c60dbbd8aa9ab5b120ebb99e4e064e83636340056f833a1f09

# package: idna
# role: transitive
# license: BSD-3-Clause
idna==3.19 \
    --hash=sha256:815e7be7a7806d54abb586dc943addc79e8b2ee16915059658cbeff4b1b43bf4

# package: license-expression
# role: transitive
# license: Apache-2.0
license-expression==30.4.4 \
    --hash=sha256:421788fdcadb41f049d2dc934ce666626265aeccefddd25e162a26f23bcbf8a4

# package: markdown-it-py
# role: transitive
# license: MIT
markdown-it-py==4.2.0 \
    --hash=sha256:9f7ebbcd14fe59494226453aed97c1070d83f8d24b6fc3a3bcf9a38092641c4a

# package: mdurl
# role: transitive
# license: MIT
mdurl==0.1.2 \
    --hash=sha256:84008a41e51615a49fc9966191ff91509e3c40b939176e643fd50a5c2196b8f8

# package: msgpack
# role: transitive
# license: Apache-2.0
msgpack==1.2.1 \
    --hash=sha256:020e881a764b20d8d7ca1a54fc01b8175519d108e3c3f194fddc200bda95951a \
    --hash=sha256:2eda0b7ebb1283a98d3e4492ac933c8af6aff59fd3df1c3ed024f536af4b1dc8 \
    --hash=sha256:5c24aa15d5963051e1a5c62b12c50cd705992502b5ec1f3bece6046f33c9fc24 \
    --hash=sha256:a28d076ca7c82b9c8728ad90b7147489449557038bed50e4241eb832395169b4

# package: mypy
# role: direct
# license: MIT
mypy==1.17.1 \
    --hash=sha256:03b6d0ed2b188e35ee6d5c36b5580cffd6da23319991c49ab5556c023ccf1341 \
    --hash=sha256:665afab0963a4b39dff7c1fa563cc8b11ecff7910206db4b2e64dd1ba25aed19 \
    --hash=sha256:e92bdc656b7757c438660f775f872a669b8ff374edc4d18277d86b63edba6b8b \
    --hash=sha256:ff2933428516ab63f961644bc49bc4cbe42bbffb2cd3b71cc7277c07d16b1a8b

# package: mypy-extensions
# role: transitive
# license: MIT
mypy-extensions==1.1.0 \
    --hash=sha256:1be4cccdb0f2482337c4743e60421de3a356cd97508abadd57d47403e94f5505

# package: packageurl-python
# role: transitive
# license: MIT
packageurl-python==0.17.6 \
    --hash=sha256:31a85c2717bc41dd818f3c62908685ff9eebcb68588213745b14a6ee9e7df7c9

# package: packaging
# role: transitive
# license: Apache-2.0 OR BSD-2-Clause
packaging==26.3 \
    --hash=sha256:d7193f7c8e4e93f444fde0262bf90af30e16fa0ad0ad44cb553c87339b23cd1c

# package: pathspec
# role: transitive
# license: MPL-2.0
pathspec==1.1.1 \
    --hash=sha256:a00ce642f577bf7f473932318056212bc4f8bfdf53128c78bbd5af0b9b20b189

# package: pip
# role: transitive
# license: MIT
pip==26.2.1 \
    --hash=sha256:71138adf1f4ca900cdb7d289c21b7494329f2332b6d85f0e1c42108c0384ed3e

# package: pip-api
# role: transitive
# license: Apache-2.0
pip-api==0.0.34 \
    --hash=sha256:8b2d7d7c37f2447373aa2cf8b1f60a2f2b27a84e1e9e0294a3f6ef10eb3ba6bb

# package: pip-audit
# role: direct
# license: Apache-2.0
pip-audit==2.10.1 \
    --hash=sha256:99ef3f600a317c1945f1e89e227ef26e1c2d618429b8bd3fa6f4f7c440c4611a

# package: pip-requirements-parser
# role: transitive
# license: MIT
pip-requirements-parser==32.0.1 \
    --hash=sha256:4659bc2a667783e7a15d190f6fccf8b2486685b6dba4c19c3876314769c57526

# package: platformdirs
# role: transitive
# license: MIT
platformdirs==4.11.3 \
    --hash=sha256:5ed065d443751de711da036041a7a214122efc4a4de393b3f4137ba5576540e7

# package: py-serializable
# role: transitive
# license: Apache-2.0
py-serializable==2.1.0 \
    --hash=sha256:b56d5d686b5a03ba4f4db5e769dc32336e142fc3bd4d68a8c25579ebb0a67304

# package: pygments
# role: transitive
# license: BSD-2-Clause
pygments==2.21.0 \
    --hash=sha256:2363c69b61c4a97c838da3b130dcd6468f4848992b21a82f2a63ec34377137d9

# package: pyparsing
# role: transitive
# license: MIT
pyparsing==3.3.2 \
    --hash=sha256:850ba148bd908d7e2411587e247a1e4f0327839c40e2e5e6d05a007ecc69911d

# package: pyproject-hooks
# role: transitive
# license: MIT
pyproject-hooks==1.2.0 \
    --hash=sha256:9e5c6bfa8dcc30091c74b0cf803c81fdd29d94f01992a7707bc97babb1141913

# package: requests
# role: transitive
# license: Apache-2.0
requests==2.34.2 \
    --hash=sha256:2a0d60c172f83ac6ab31e4554906c0f3b3588d37b5cb939b1c061f4907e278e0

# package: rich
# role: transitive
# license: MIT
rich==15.0.0 \
    --hash=sha256:33bd4ef74232fb73fe9279a257718407f169c09b78a87ad3d296f548e27de0bb

# package: ruff
# role: direct
# license: MIT
ruff==0.12.7 \
    --hash=sha256:06bfb01e1623bf7f59ea749a841da56f8f653d641bfd046edee32ede7ff6c606 \
    --hash=sha256:9c18f3d707ee9edf89da76131956aba1270c6348bfee8f6c647de841eac7194f

# package: setuptools
# role: direct
# license: MIT
setuptools==83.0.0 \
    --hash=sha256:29b23c360f22f414dc7336bb39178cc7bcbf6021ed2733cde173f09dba19abb3

# package: sortedcontainers
# role: transitive
# license: Apache-2.0
sortedcontainers==2.4.0 \
    --hash=sha256:a163dcaede0f1c021485e957a39245190e74249897e2ae4b2aa38595db237ee0

# package: tomli
# role: transitive
# license: MIT
tomli==2.4.1 \
    --hash=sha256:136443dbd7e1dee43c68ac2694fde36b2849865fa258d39bf822c10e8068eac5 \
    --hash=sha256:52c8ef851d9a240f11a88c003eacb03c31fc1c9c4ec64a99a0f922b93874fda9 \
    --hash=sha256:5a881ab208c0baf688221f8cecc5401bd291d67e38a1ac884d6736cbcd8247e9 \
    --hash=sha256:5ee18d9ebdb417e384b58fe414e8d6af9f4e7a0ae761519fb50f721de398dd4e

# package: tomli-w
# role: transitive
# license: MIT
tomli-w==1.2.0 \
    --hash=sha256:188306098d013b691fcadc011abd66727d3c414c571bb01b1a174ba8c983cf90

# package: typing-extensions
# role: transitive
# license: PSF-2.0
typing-extensions==4.16.0 \
    --hash=sha256:481caa481374e813c1b176ada14e97f1f67a4539ce9cfeb3f350d78d6370c2e8

# package: urllib3
# role: transitive
# license: MIT
urllib3==2.7.0 \
    --hash=sha256:9fb4c81ebbb1ce9531cce37674bbc6f1360472bc18ca9a553ede278ef7276897

# package: wheel
# role: direct
# license: MIT
wheel==0.47.0 \
    --hash=sha256:212281cab4dff978f6cedd499cd893e1f620791ca6ff7107cf270781e587eced
