# juris-calculus fully hashed lock v1
# profile: test
# supported: CPython 3.11/3.12; win_amd64; manylinux_2_28_x86_64
# source: exact wheels downloaded from https://pypi.org/simple

# package: cffi
# role: transitive
# license: MIT-0
cffi==2.1.1 \
    --hash=sha256:34e261f78cb6ceaaa36f42f2613f4380d94d9c759a9c73c769ee6e0247364632 \
    --hash=sha256:42f6930c31dc7f50732c9ae793c2786c7b6b044195967bbdde40bb9be81c4cc0 \
    --hash=sha256:c1453022f490d2459a11819d83ad1d586e9ff65a12ac3e705ffebd46d3685dcf \
    --hash=sha256:f53e442b08449d42821fa4a4fba000095af9f62742a500f978a9f557ec44339a

# package: colorama
# role: transitive
# license: BSD-3-Clause
colorama==0.4.6 \
    --hash=sha256:4f1d9991f5acc0ca119f9d443620b77f9d6b33703e51011c16baf57afb285fc6

# package: cryptography
# role: direct
# license: Apache-2.0 OR BSD-3-Clause
cryptography==50.0.0 \
    --hash=sha256:b42a28c1844fd9de8f3f7d540e36b66f3a9c83fceac7170ebc7a6a19edd9dcae \
    --hash=sha256:bd1c592e4d5974f0d08d4888e432157adba757c66da0246918e43677fafa2d30

# package: hypothesis
# role: direct
# license: MPL-2.0
hypothesis==6.156.6 \
    --hash=sha256:7c8d37bebb6924729bc0bbf5852689df568842948abe4d93dd0ad3377adf76fa \
    --hash=sha256:84dc89caaf741a02f904ca7bd02b1af99650c75552868162290208aeecb70858 \
    --hash=sha256:b4e66aaa7385538a5d617174d47c198ee807f06de99e282a67c6cb724c69340d \
    --hash=sha256:c3363d3fb8015594636689572510bb6090602d8e8e838a5693c2d52d3b5b09d8

# package: iniconfig
# role: transitive
# license: MIT
iniconfig==2.3.0 \
    --hash=sha256:f631c04d2c48c52b84d0d0549c99ff3859c98df65b3101406327ecc7d53fbf12

# package: packaging
# role: transitive
# license: Apache-2.0 OR BSD-2-Clause
packaging==26.3 \
    --hash=sha256:d7193f7c8e4e93f444fde0262bf90af30e16fa0ad0ad44cb553c87339b23cd1c

# package: pluggy
# role: transitive
# license: MIT
pluggy==1.6.0 \
    --hash=sha256:e920276dd6813095e9377c0bc5566d94c932c33b27a3e3945d8389c374dd4746

# package: pycparser
# role: transitive
# license: BSD-3-Clause
pycparser==3.0 \
    --hash=sha256:b727414169a36b7d524c1c3e31839a521725078d7b2ff038656844266160a992

# package: pygments
# role: transitive
# license: BSD-2-Clause
pygments==2.21.0 \
    --hash=sha256:2363c69b61c4a97c838da3b130dcd6468f4848992b21a82f2a63ec34377137d9

# package: pytest
# role: direct
# license: MIT
pytest==9.1.1 \
    --hash=sha256:37a86b45efb9a47a61a36449063e8e18d0cab3161329fc099eb21783169c4f0c

# package: pyyaml
# role: direct
# license: MIT
pyyaml==6.0.3 \
    --hash=sha256:5fcd34e47f6e0b794d17de1b4ff496c00986e1c83f7ab2fb8fcfe9616ff7477b \
    --hash=sha256:9f3bfb4965eb874431221a3ff3fdcddc7e74e3b07799e0e84ca4a0f867d449bf \
    --hash=sha256:b8bb0864c5a28024fac8a632c443c87c5aa6f215c0b126c449ae1a150412f31d \
    --hash=sha256:ba1cc08a7ccde2d2ec775841541641e4548226580ab850948cbfda66a1befcdc

# package: sortedcontainers
# role: transitive
# license: Apache-2.0
sortedcontainers==2.4.0 \
    --hash=sha256:a163dcaede0f1c021485e957a39245190e74249897e2ae4b2aa38595db237ee0
